
Microsoft Visual Studio Solution File, Format Version 12.00
# Visual Studio Version 17
VisualStudioVersion = 17.4.33213.308
MinimumVisualStudioVersion = 10.0.40219.1
Project("{FAE04EC0-301F-11D3-BF4B-00C04F79EFBC}") = "StudentMonitor", "StudentMonitor\StudentMonitor.csproj", "{D2680CC7-5028-4018-83A3-7F5DC5E18558}"
EndProject
Project("{FAE04EC0-301F-11D3-BF4B-00C04F79EFBC}") = "StudentMonitorUITest", "StudentMonitorUITest\StudentMonitorUITest.csproj", "{5E6A69D6-2667-4848-A1A4-AE738F15DCFC}"
EndProject
Global
	GlobalSection(SolutionConfigurationPlatforms) = preSolution
		Debug|Any CPU = Debug|Any CPU
		Release|Any CPU = Release|Any CPU
	EndGlobalSection
	GlobalSection(ProjectConfigurationPlatforms) = postSolution
		{D2680CC7-5028-4018-83A3-7F5DC5E18558}.Debug|Any CPU.ActiveCfg = Debug|Any CPU
		{D2680CC7-5028-4018-83A3-7F5DC5E18558}.Debug|Any CPU.Build.0 = Debug|Any CPU
		{D2680CC7-5028-4018-83A3-7F5DC5E18558}.Release|Any CPU.ActiveCfg = Release|Any CPU
		{D2680CC7-5028-4018-83A3-7F5DC5E18558}.Release|Any CPU.Build.0 = Release|Any CPU
		{5E6A69D6-2667-4848-A1A4-AE738F15DCFC}.Debug|Any CPU.ActiveCfg = Debug|Any CPU
		{5E6A69D6-2667-4848-A1A4-AE738F15DCFC}.Debug|Any CPU.Build.0 = Debug|Any CPU
		{5E6A69D6-2667-4848-A1A4-AE738F15DCFC}.Release|Any CPU.ActiveCfg = Release|Any CPU
		{5E6A69D6-2667-4848-A1A4-AE738F15DCFC}.Release|Any CPU.Build.0 = Release|Any CPU
	EndGlobalSection
	GlobalSection(SolutionProperties) = preSolution
		HideSolutionNode = FALSE
	EndGlobalSection
	GlobalSection(ExtensibilityGlobals) = postSolution
		SolutionGuid = {E2FA4845-9081-4A16-BE9F-9EC5F3BC1352}
	EndGlobalSection
EndGlobal
